
Microsoft Visual Studio Solution File, Format Version 12.00
# Visual Studio 14
VisualStudioVersion = 14.0.25420.1
MinimumVisualStudioVersion = 10.0.40219.1
Project("{FAE04EC0-301F-11D3-BF4B-00C04F79EFBC}") = "HelperLibrary.Core", "HelperLibrary.Core\HelperLibrary.Core.csproj", "{4898E407-B7AA-4346-8714-E5B0663CDEF1}"
EndProject
Project("{FAE04EC0-301F-11D3-BF4B-00C04F79EFBC}") = "HelperLibrary.WPF", "HelperLibrary.WPF\HelperLibrary.WPF.csproj", "{916B6685-E740-4B2D-8ECB-29AC076F9239}"
EndProject
Project("{FAE04EC0-301F-11D3-BF4B-00C04F79EFBC}") = "HelperLibrary.WCF", "HelperLibrary.WCF\HelperLibrary.WCF.csproj", "{B16C4A48-B4B1-4926-95E1-5B1102864040}"
EndProject
Project("{FAE04EC0-301F-11D3-BF4B-00C04F79EFBC}") = "HelperLibrary.WebApi", "HelperLibrary.WebApi\HelperLibrary.WebApi.csproj", "{C3E9B148-AD7C-492C-BB6F-DC397E1FFA02}"
EndProject
Project("{FAE04EC0-301F-11D3-BF4B-00C04F79EFBC}") = "HelperLibrary.Core.Logging.Log4Net", "HelperLibrary.Core.Logging.Log4Net\HelperLibrary.Core.Logging.Log4Net.csproj", "{18502BFF-BC08-48E6-BDD3-E52CFB682C3F}"
EndProject
Project("{FAE04EC0-301F-11D3-BF4B-00C04F79EFBC}") = "HelperLibrary.Core.Db.MySql", "HelperLibrary.Core.Db.MySql\HelperLibrary.Core.Db.MySql.csproj", "{7C6B6D91-376A-422D-8744-B408B47497E4}"
EndProject
Global
	GlobalSection(SolutionConfigurationPlatforms) = preSolution
		Debug|Any CPU = Debug|Any CPU
		Release|Any CPU = Release|Any CPU
	EndGlobalSection
	GlobalSection(ProjectConfigurationPlatforms) = postSolution
		{4898E407-B7AA-4346-8714-E5B0663CDEF1}.Debug|Any CPU.ActiveCfg = Debug|Any CPU
		{4898E407-B7AA-4346-8714-E5B0663CDEF1}.Debug|Any CPU.Build.0 = Debug|Any CPU
		{4898E407-B7AA-4346-8714-E5B0663CDEF1}.Release|Any CPU.ActiveCfg = Release|Any CPU
		{4898E407-B7AA-4346-8714-E5B0663CDEF1}.Release|Any CPU.Build.0 = Release|Any CPU
		{916B6685-E740-4B2D-8ECB-29AC076F9239}.Debug|Any CPU.ActiveCfg = Debug|Any CPU
		{916B6685-E740-4B2D-8ECB-29AC076F9239}.Debug|Any CPU.Build.0 = Debug|Any CPU
		{916B6685-E740-4B2D-8ECB-29AC076F9239}.Release|Any CPU.ActiveCfg = Release|Any CPU
		{916B6685-E740-4B2D-8ECB-29AC076F9239}.Release|Any CPU.Build.0 = Release|Any CPU
		{B16C4A48-B4B1-4926-95E1-5B1102864040}.Debug|Any CPU.ActiveCfg = Debug|Any CPU
		{B16C4A48-B4B1-4926-95E1-5B1102864040}.Debug|Any CPU.Build.0 = Debug|Any CPU
		{B16C4A48-B4B1-4926-95E1-5B1102864040}.Release|Any CPU.ActiveCfg = Release|Any CPU
		{B16C4A48-B4B1-4926-95E1-5B1102864040}.Release|Any CPU.Build.0 = Release|Any CPU
		{C3E9B148-AD7C-492C-BB6F-DC397E1FFA02}.Debug|Any CPU.ActiveCfg = Debug|Any CPU
		{C3E9B148-AD7C-492C-BB6F-DC397E1FFA02}.Debug|Any CPU.Build.0 = Debug|Any CPU
		{C3E9B148-AD7C-492C-BB6F-DC397E1FFA02}.Release|Any CPU.ActiveCfg = Release|Any CPU
		{C3E9B148-AD7C-492C-BB6F-DC397E1FFA02}.Release|Any CPU.Build.0 = Release|Any CPU
		{18502BFF-BC08-48E6-BDD3-E52CFB682C3F}.Debug|Any CPU.ActiveCfg = Debug|Any CPU
		{18502BFF-BC08-48E6-BDD3-E52CFB682C3F}.Debug|Any CPU.Build.0 = Debug|Any CPU
		{18502BFF-BC08-48E6-BDD3-E52CFB682C3F}.Release|Any CPU.ActiveCfg = Release|Any CPU
		{18502BFF-BC08-48E6-BDD3-E52CFB682C3F}.Release|Any CPU.Build.0 = Release|Any CPU
		{7C6B6D91-376A-422D-8744-B408B47497E4}.Debug|Any CPU.ActiveCfg = Debug|Any CPU
		{7C6B6D91-376A-422D-8744-B408B47497E4}.Debug|Any CPU.Build.0 = Debug|Any CPU
		{7C6B6D91-376A-422D-8744-B408B47497E4}.Release|Any CPU.ActiveCfg = Release|Any CPU
		{7C6B6D91-376A-422D-8744-B408B47497E4}.Release|Any CPU.Build.0 = Release|Any CPU
	EndGlobalSection
	GlobalSection(SolutionProperties) = preSolution
		HideSolutionNode = FALSE
	EndGlobalSection
EndGlobal
